
Microsoft Visual Studio Solution File, Format Version 12.00
# Visual Studio 15
VisualStudioVersion = 15.0.28010.2041
MinimumVisualStudioVersion = 10.0.40219.1
Project("{FAE04EC0-301F-11D3-BF4B-00C04F79EFBC}") = "UnitTestWizard", "UnitTestWizard\UnitTestWizard.csproj", "{1A667B36-6D96-41E5-9098-67419BF64A8A}"
EndProject
Project("{2150E333-8FDC-42A3-9474-1A3956D46DE8}") = "Solution Items", "Solution Items", "{770A0EB4-0C54-4644-A347-B933D8FACA88}"
	ProjectSection(SolutionItems) = preProject
		CHANGELOG.md = CHANGELOG.md
		README.md = README.md
	EndProjectSection
EndProject
Global
	GlobalSection(SolutionConfigurationPlatforms) = preSolution
		Debug|Any CPU = Debug|Any CPU
		Release|Any CPU = Release|Any CPU
	EndGlobalSection
	GlobalSection(ProjectConfigurationPlatforms) = postSolution
		{1A667B36-6D96-41E5-9098-67419BF64A8A}.Debug|Any CPU.ActiveCfg = Debug|Any CPU
		{1A667B36-6D96-41E5-9098-67419BF64A8A}.Debug|Any CPU.Build.0 = Debug|Any CPU
		{1A667B36-6D96-41E5-9098-67419BF64A8A}.Release|Any CPU.ActiveCfg = Release|Any CPU
		{1A667B36-6D96-41E5-9098-67419BF64A8A}.Release|Any CPU.Build.0 = Release|Any CPU
	EndGlobalSection
	GlobalSection(SolutionProperties) = preSolution
		HideSolutionNode = FALSE
	EndGlobalSection
	GlobalSection(ExtensibilityGlobals) = postSolution
		SolutionGuid = {69605589-A4E9-414A-BD12-7FFED11D40AB}
	EndGlobalSection
EndGlobal
